
Microsoft Visual Studio Solution File, Format Version 12.00
# Visual Studio 14
VisualStudioVersion = 14.0.24720.0
MinimumVisualStudioVersion = 10.0.40219.1
Project("{FAE04EC0-301F-11D3-BF4B-00C04F79EFBC}") = "BusinessRules.Core", "BusinessRules.Core\BusinessRules.Core.csproj", "{20E7A809-B065-4FBC-AADD-BD6314C732E6}"
EndProject
Project("{FAE04EC0-301F-11D3-BF4B-00C04F79EFBC}") = "BusinessRules.Test", "BusinessRules.Test\BusinessRules.Test.csproj", "{2CE7D74E-DA15-4B6F-A20E-76BF09779D5D}"
EndProject
Project("{FAE04EC0-301F-11D3-BF4B-00C04F79EFBC}") = "BusinessRules.Console", "BusinessRules.Console\BusinessRules.Console.csproj", "{C2C2D3A2-A315-49E5-AFCA-86A3AA764E5E}"
EndProject
Project("{FAE04EC0-301F-11D3-BF4B-00C04F79EFBC}") = "BusinessRules.Common", "BusinessRules.Common\BusinessRules.Common.csproj", "{7771B706-B281-4F6D-A9DD-F43B7FA68865}"
EndProject
Project("{FAE04EC0-301F-11D3-BF4B-00C04F79EFBC}") = "BusinessRules.BasicMethodsLibrary", "BusinessRules.BasicMethodsLibrary\BusinessRules.BasicMethodsLibrary.csproj", "{FAB754D8-1462-4341-9E52-63F1CBA077EB}"
EndProject
Project("{FAE04EC0-301F-11D3-BF4B-00C04F79EFBC}") = "BusinessRules.Web", "BusinessRules.Web\BusinessRules.Web.csproj", "{05E8CA37-3D36-4655-86B7-8F4F8AF590FB}"
EndProject
Global
	GlobalSection(SolutionConfigurationPlatforms) = preSolution
		Debug|Any CPU = Debug|Any CPU
		Release|Any CPU = Release|Any CPU
	EndGlobalSection
	GlobalSection(ProjectConfigurationPlatforms) = postSolution
		{20E7A809-B065-4FBC-AADD-BD6314C732E6}.Debug|Any CPU.ActiveCfg = Debug|Any CPU
		{20E7A809-B065-4FBC-AADD-BD6314C732E6}.Debug|Any CPU.Build.0 = Debug|Any CPU
		{20E7A809-B065-4FBC-AADD-BD6314C732E6}.Release|Any CPU.ActiveCfg = Release|Any CPU
		{20E7A809-B065-4FBC-AADD-BD6314C732E6}.Release|Any CPU.Build.0 = Release|Any CPU
		{2CE7D74E-DA15-4B6F-A20E-76BF09779D5D}.Debug|Any CPU.ActiveCfg = Debug|Any CPU
		{2CE7D74E-DA15-4B6F-A20E-76BF09779D5D}.Debug|Any CPU.Build.0 = Debug|Any CPU
		{2CE7D74E-DA15-4B6F-A20E-76BF09779D5D}.Release|Any CPU.ActiveCfg = Release|Any CPU
		{2CE7D74E-DA15-4B6F-A20E-76BF09779D5D}.Release|Any CPU.Build.0 = Release|Any CPU
		{C2C2D3A2-A315-49E5-AFCA-86A3AA764E5E}.Debug|Any CPU.ActiveCfg = Debug|Any CPU
		{C2C2D3A2-A315-49E5-AFCA-86A3AA764E5E}.Debug|Any CPU.Build.0 = Debug|Any CPU
		{C2C2D3A2-A315-49E5-AFCA-86A3AA764E5E}.Release|Any CPU.ActiveCfg = Release|Any CPU
		{C2C2D3A2-A315-49E5-AFCA-86A3AA764E5E}.Release|Any CPU.Build.0 = Release|Any CPU
		{7771B706-B281-4F6D-A9DD-F43B7FA68865}.Debug|Any CPU.ActiveCfg = Debug|Any CPU
		{7771B706-B281-4F6D-A9DD-F43B7FA68865}.Debug|Any CPU.Build.0 = Debug|Any CPU
		{7771B706-B281-4F6D-A9DD-F43B7FA68865}.Release|Any CPU.ActiveCfg = Release|Any CPU
		{7771B706-B281-4F6D-A9DD-F43B7FA68865}.Release|Any CPU.Build.0 = Release|Any CPU
		{FAB754D8-1462-4341-9E52-63F1CBA077EB}.Debug|Any CPU.ActiveCfg = Debug|Any CPU
		{FAB754D8-1462-4341-9E52-63F1CBA077EB}.Debug|Any CPU.Build.0 = Debug|Any CPU
		{FAB754D8-1462-4341-9E52-63F1CBA077EB}.Release|Any CPU.ActiveCfg = Release|Any CPU
		{FAB754D8-1462-4341-9E52-63F1CBA077EB}.Release|Any CPU.Build.0 = Release|Any CPU
		{05E8CA37-3D36-4655-86B7-8F4F8AF590FB}.Debug|Any CPU.ActiveCfg = Debug|Any CPU
		{05E8CA37-3D36-4655-86B7-8F4F8AF590FB}.Debug|Any CPU.Build.0 = Debug|Any CPU
		{05E8CA37-3D36-4655-86B7-8F4F8AF590FB}.Release|Any CPU.ActiveCfg = Release|Any CPU
		{05E8CA37-3D36-4655-86B7-8F4F8AF590FB}.Release|Any CPU.Build.0 = Release|Any CPU
	EndGlobalSection
	GlobalSection(SolutionProperties) = preSolution
		HideSolutionNode = FALSE
	EndGlobalSection
EndGlobal
